
Microsoft Visual Studio Solution File, Format Version 12.00
# Visual Studio Version 16
VisualStudioVersion = 16.0.29411.108
MinimumVisualStudioVersion = 10.0.40219.1
Project("{9A19103F-16F7-4668-BE54-9A1E7A4F7556}") = "AspNetCoreNestedApps", "AspNetCoreNestedApps\AspNetCoreNestedApps.csproj", "{ADF7142E-3641-437A-B489-09E846DBF780}"
EndProject
Project("{9A19103F-16F7-4668-BE54-9A1E7A4F7556}") = "AspNetCoreNestedApps3", "AspNetCoreNestedApps3\AspNetCoreNestedApps3.csproj", "{4F61C3FA-6813-46A7-BC34-2A88B48BA447}"
EndProject
Global
	GlobalSection(SolutionConfigurationPlatforms) = preSolution
		Debug|Any CPU = Debug|Any CPU
		Release|Any CPU = Release|Any CPU
	EndGlobalSection
	GlobalSection(ProjectConfigurationPlatforms) = postSolution
		{ADF7142E-3641-437A-B489-09E846DBF780}.Debug|Any CPU.ActiveCfg = Debug|Any CPU
		{ADF7142E-3641-437A-B489-09E846DBF780}.Debug|Any CPU.Build.0 = Debug|Any CPU
		{ADF7142E-3641-437A-B489-09E846DBF780}.Release|Any CPU.ActiveCfg = Release|Any CPU
		{ADF7142E-3641-437A-B489-09E846DBF780}.Release|Any CPU.Build.0 = Release|Any CPU
		{4F61C3FA-6813-46A7-BC34-2A88B48BA447}.Debug|Any CPU.ActiveCfg = Debug|Any CPU
		{4F61C3FA-6813-46A7-BC34-2A88B48BA447}.Debug|Any CPU.Build.0 = Debug|Any CPU
		{4F61C3FA-6813-46A7-BC34-2A88B48BA447}.Release|Any CPU.ActiveCfg = Release|Any CPU
		{4F61C3FA-6813-46A7-BC34-2A88B48BA447}.Release|Any CPU.Build.0 = Release|Any CPU
	EndGlobalSection
	GlobalSection(SolutionProperties) = preSolution
		HideSolutionNode = FALSE
	EndGlobalSection
	GlobalSection(ExtensibilityGlobals) = postSolution
		SolutionGuid = {45D13DEA-0473-4A56-8FED-8AA461E2037D}
	EndGlobalSection
EndGlobal
