
Microsoft Visual Studio Solution File, Format Version 12.00
# Visual Studio Version 16
VisualStudioVersion = 16.0.29926.136
MinimumVisualStudioVersion = 10.0.40219.1
Project("{2150E333-8FDC-42A3-9474-1A3956D46DE8}") = "AspNetCoreNestedApps", "AspNetCoreNestedApps", "{26410619-F4ED-4C68-AAA8-A75DCC36D66C}"
	ProjectSection(SolutionItems) = preProject
		AspNetCoreNestedApps\README.md = AspNetCoreNestedApps\README.md
	EndProjectSection
EndProject
Project("{9A19103F-16F7-4668-BE54-9A1E7A4F7556}") = "AspNetCoreNestedApps", "AspNetCoreNestedApps\AspNetCoreNestedApps\AspNetCoreNestedApps.csproj", "{F74DABBD-27C9-42CD-98C0-ED5FF0F84B69}"
EndProject
Project("{9A19103F-16F7-4668-BE54-9A1E7A4F7556}") = "AspNetCoreNestedApps3", "AspNetCoreNestedApps\AspNetCoreNestedApps3\AspNetCoreNestedApps3.csproj", "{0A4824D0-BDC6-42C3-8DAF-ED62AD182CF4}"
EndProject
Project("{2150E333-8FDC-42A3-9474-1A3956D46DE8}") = "Solution Items", "Solution Items", "{09DF9B12-AEDC-4068-8091-47862660B510}"
	ProjectSection(SolutionItems) = preProject
		README.md = README.md
	EndProjectSection
EndProject
Project("{2150E333-8FDC-42A3-9474-1A3956D46DE8}") = "LogTheConfig", "LogTheConfig", "{FA2F569F-7A0F-44C4-BBF2-E658D5A1A8A3}"
	ProjectSection(SolutionItems) = preProject
		LogTheConfig\README.md = LogTheConfig\README.md
	EndProjectSection
EndProject
Project("{9A19103F-16F7-4668-BE54-9A1E7A4F7556}") = "ConsoleApp1", "LogTheConfig\ConsoleApp1\ConsoleApp1.csproj", "{9FDB79C0-A20E-467B-9B2A-BCE40C7AD1BC}"
EndProject
Project("{9A19103F-16F7-4668-BE54-9A1E7A4F7556}") = "MainHost", "AspNetCoreMultipleApps\MainHost\MainHost.csproj", "{4002B389-1712-4583-BD9A-C2BB99F061AF}"
EndProject
Project("{2150E333-8FDC-42A3-9474-1A3956D46DE8}") = "AspNetCoreMultipleApps", "AspNetCoreMultipleApps", "{68B3EEDA-9326-4516-B00E-7BD51313A14A}"
	ProjectSection(SolutionItems) = preProject
		AspNetCoreMultipleApps\README.md = AspNetCoreMultipleApps\README.md
	EndProjectSection
EndProject
Project("{9A19103F-16F7-4668-BE54-9A1E7A4F7556}") = "WebApplication1", "AspNetCoreMultipleApps\WebApplication1\WebApplication1.csproj", "{1F268E31-5D54-4198-92D5-E8F6777DAAB0}"
EndProject
Project("{9A19103F-16F7-4668-BE54-9A1E7A4F7556}") = "WebApplication2", "AspNetCoreMultipleApps\WebApplication2\WebApplication2.csproj", "{39282D49-F9EB-477F-90C4-965CC4A4E835}"
EndProject
Project("{FAE04EC0-301F-11D3-BF4B-00C04F79EFBC}") = "MainHostTests", "AspNetCoreMultipleApps\MainHostTests\MainHostTests.csproj", "{5EB077D5-E0D3-43E2-A8D1-50FA1AAB974E}"
EndProject
Project("{FAE04EC0-301F-11D3-BF4B-00C04F79EFBC}") = "WebApplication.Core", "AspNetCoreMultipleApps\WebApplication.Core\WebApplication.Core.csproj", "{CD488911-69CE-4A8C-8A69-6CBC4D17CD3F}"
EndProject
Global
	GlobalSection(SolutionConfigurationPlatforms) = preSolution
		Debug|Any CPU = Debug|Any CPU
		Release|Any CPU = Release|Any CPU
	EndGlobalSection
	GlobalSection(ProjectConfigurationPlatforms) = postSolution
		{F74DABBD-27C9-42CD-98C0-ED5FF0F84B69}.Debug|Any CPU.ActiveCfg = Debug|Any CPU
		{F74DABBD-27C9-42CD-98C0-ED5FF0F84B69}.Debug|Any CPU.Build.0 = Debug|Any CPU
		{F74DABBD-27C9-42CD-98C0-ED5FF0F84B69}.Release|Any CPU.ActiveCfg = Release|Any CPU
		{F74DABBD-27C9-42CD-98C0-ED5FF0F84B69}.Release|Any CPU.Build.0 = Release|Any CPU
		{0A4824D0-BDC6-42C3-8DAF-ED62AD182CF4}.Debug|Any CPU.ActiveCfg = Debug|Any CPU
		{0A4824D0-BDC6-42C3-8DAF-ED62AD182CF4}.Debug|Any CPU.Build.0 = Debug|Any CPU
		{0A4824D0-BDC6-42C3-8DAF-ED62AD182CF4}.Release|Any CPU.ActiveCfg = Release|Any CPU
		{0A4824D0-BDC6-42C3-8DAF-ED62AD182CF4}.Release|Any CPU.Build.0 = Release|Any CPU
		{9FDB79C0-A20E-467B-9B2A-BCE40C7AD1BC}.Debug|Any CPU.ActiveCfg = Debug|Any CPU
		{9FDB79C0-A20E-467B-9B2A-BCE40C7AD1BC}.Debug|Any CPU.Build.0 = Debug|Any CPU
		{9FDB79C0-A20E-467B-9B2A-BCE40C7AD1BC}.Release|Any CPU.ActiveCfg = Release|Any CPU
		{9FDB79C0-A20E-467B-9B2A-BCE40C7AD1BC}.Release|Any CPU.Build.0 = Release|Any CPU
		{4002B389-1712-4583-BD9A-C2BB99F061AF}.Debug|Any CPU.ActiveCfg = Debug|Any CPU
		{4002B389-1712-4583-BD9A-C2BB99F061AF}.Debug|Any CPU.Build.0 = Debug|Any CPU
		{4002B389-1712-4583-BD9A-C2BB99F061AF}.Release|Any CPU.ActiveCfg = Release|Any CPU
		{4002B389-1712-4583-BD9A-C2BB99F061AF}.Release|Any CPU.Build.0 = Release|Any CPU
		{1F268E31-5D54-4198-92D5-E8F6777DAAB0}.Debug|Any CPU.ActiveCfg = Debug|Any CPU
		{1F268E31-5D54-4198-92D5-E8F6777DAAB0}.Debug|Any CPU.Build.0 = Debug|Any CPU
		{1F268E31-5D54-4198-92D5-E8F6777DAAB0}.Release|Any CPU.ActiveCfg = Release|Any CPU
		{1F268E31-5D54-4198-92D5-E8F6777DAAB0}.Release|Any CPU.Build.0 = Release|Any CPU
		{39282D49-F9EB-477F-90C4-965CC4A4E835}.Debug|Any CPU.ActiveCfg = Debug|Any CPU
		{39282D49-F9EB-477F-90C4-965CC4A4E835}.Debug|Any CPU.Build.0 = Debug|Any CPU
		{39282D49-F9EB-477F-90C4-965CC4A4E835}.Release|Any CPU.ActiveCfg = Release|Any CPU
		{39282D49-F9EB-477F-90C4-965CC4A4E835}.Release|Any CPU.Build.0 = Release|Any CPU
		{5EB077D5-E0D3-43E2-A8D1-50FA1AAB974E}.Debug|Any CPU.ActiveCfg = Debug|Any CPU
		{5EB077D5-E0D3-43E2-A8D1-50FA1AAB974E}.Debug|Any CPU.Build.0 = Debug|Any CPU
		{5EB077D5-E0D3-43E2-A8D1-50FA1AAB974E}.Release|Any CPU.ActiveCfg = Release|Any CPU
		{5EB077D5-E0D3-43E2-A8D1-50FA1AAB974E}.Release|Any CPU.Build.0 = Release|Any CPU
		{CD488911-69CE-4A8C-8A69-6CBC4D17CD3F}.Debug|Any CPU.ActiveCfg = Debug|Any CPU
		{CD488911-69CE-4A8C-8A69-6CBC4D17CD3F}.Debug|Any CPU.Build.0 = Debug|Any CPU
		{CD488911-69CE-4A8C-8A69-6CBC4D17CD3F}.Release|Any CPU.ActiveCfg = Release|Any CPU
		{CD488911-69CE-4A8C-8A69-6CBC4D17CD3F}.Release|Any CPU.Build.0 = Release|Any CPU
	EndGlobalSection
	GlobalSection(SolutionProperties) = preSolution
		HideSolutionNode = FALSE
	EndGlobalSection
	GlobalSection(NestedProjects) = preSolution
		{F74DABBD-27C9-42CD-98C0-ED5FF0F84B69} = {26410619-F4ED-4C68-AAA8-A75DCC36D66C}
		{0A4824D0-BDC6-42C3-8DAF-ED62AD182CF4} = {26410619-F4ED-4C68-AAA8-A75DCC36D66C}
		{9FDB79C0-A20E-467B-9B2A-BCE40C7AD1BC} = {FA2F569F-7A0F-44C4-BBF2-E658D5A1A8A3}
		{4002B389-1712-4583-BD9A-C2BB99F061AF} = {68B3EEDA-9326-4516-B00E-7BD51313A14A}
		{1F268E31-5D54-4198-92D5-E8F6777DAAB0} = {68B3EEDA-9326-4516-B00E-7BD51313A14A}
		{39282D49-F9EB-477F-90C4-965CC4A4E835} = {68B3EEDA-9326-4516-B00E-7BD51313A14A}
		{5EB077D5-E0D3-43E2-A8D1-50FA1AAB974E} = {68B3EEDA-9326-4516-B00E-7BD51313A14A}
		{CD488911-69CE-4A8C-8A69-6CBC4D17CD3F} = {68B3EEDA-9326-4516-B00E-7BD51313A14A}
	EndGlobalSection
	GlobalSection(ExtensibilityGlobals) = postSolution
		SolutionGuid = {4E08AA2C-B71E-466D-9F3A-E52F37BE3895}
	EndGlobalSection
EndGlobal
